<?xml version="1.0" encoding="utf-8"?>
<Project ToolsVersion="4.0" xmlns="http://schemas.microsoft.com/developer/msbuild/2003">
  <ItemGroup>
    <Filter Include="ソース ファイル">
      <UniqueIdentifier>{4FC737F1-C7A5-4376-A066-2A32D752A2FF}</UniqueIdentifier>
      <Extensions>cpp;c;cc;cxx;c++;cppm;ixx;def;odl;idl;hpj;bat;asm;asmx</Extensions>
    </Filter>
    <Filter Include="リソース ファイル">
      <UniqueIdentifier>{67DA6AB6-F800-4c08-8B7A-83BB121AAD01}</UniqueIdentifier>
      <Extensions>rc;ico;cur;bmp;dlg;rc2;rct;bin;rgs;gif;jpg;jpeg;jpe;resx;tiff;tif;png;wav;mfcribbon-ms</Extensions>
    </Filter>
    <Filter Include="ソース ファイル\基本データ">
      <UniqueIdentifier>{68a4d7e8-59ea-4c32-9d23-ae590839dc3d}</UniqueIdentifier>
    </Filter>
    <Filter Include="ソース ファイル\基本データ\UtilityModule">
      <UniqueIdentifier>{b8bd0c5b-55f6-402f-9546-4b2441dba8f1}</UniqueIdentifier>
    </Filter>
    <Filter Include="ソース ファイル\基本データ\ゲームオーバー画面">
      <UniqueIdentifier>{d9d9a909-c054-4649-aa32-7ca95bf6f98d}</UniqueIdentifier>
    </Filter>
    <Filter Include="ソース ファイル\基本データ\クリア画面">
      <UniqueIdentifier>{9e484e8d-a0ae-4b00-b99d-88ac2749cd43}</UniqueIdentifier>
    </Filter>
    <Filter Include="ソース ファイル\基本データ\クリア画面\5面終了">
      <UniqueIdentifier>{ea04686c-e1c5-493d-b6b5-64bd663e68d6}</UniqueIdentifier>
    </Filter>
    <Filter Include="ソース ファイル\基本データ\クリア画面\1面終了">
      <UniqueIdentifier>{c29be654-7f66-4acc-91be-ce3e7276a901}</UniqueIdentifier>
    </Filter>
    <Filter Include="ソース ファイル\基本データ\クリア画面\2面終了">
      <UniqueIdentifier>{9b474a29-2840-4b56-a2c4-e435e7f196d3}</UniqueIdentifier>
    </Filter>
    <Filter Include="ソース ファイル\基本データ\クリア画面\3面終了">
      <UniqueIdentifier>{ea2122b0-2b73-428d-ab76-fc4c8fed4e57}</UniqueIdentifier>
    </Filter>
    <Filter Include="ソース ファイル\基本データ\クリア画面\4面終了">
      <UniqueIdentifier>{b6ac8072-15e5-484f-bbd6-734630453ab6}</UniqueIdentifier>
    </Filter>
    <Filter Include="ソース ファイル\基本データ\敵機">
      <UniqueIdentifier>{76349a5a-98a4-4af8-ab78-871eff5f835f}</UniqueIdentifier>
    </Filter>
    <Filter Include="ソース ファイル\基本データ\敵機\3面敵">
      <UniqueIdentifier>{02687793-d0f9-48e6-b45e-84855614a5ca}</UniqueIdentifier>
    </Filter>
    <Filter Include="ソース ファイル\基本データ\背景画面">
      <UniqueIdentifier>{43c0adca-4ccc-4088-9a6d-a4b0e04d4b2f}</UniqueIdentifier>
    </Filter>
    <Filter Include="ソース ファイル\基本データ\背景画面\1面">
      <UniqueIdentifier>{a660928b-ec62-443f-8e53-100aceca9577}</UniqueIdentifier>
    </Filter>
    <Filter Include="ソース ファイル\基本データ\背景画面\2面">
      <UniqueIdentifier>{ae9e9b39-4c47-4a86-986b-0a07c44f5b05}</UniqueIdentifier>
    </Filter>
    <Filter Include="ソース ファイル\基本データ\背景画面\3面">
      <UniqueIdentifier>{b6ddcc51-69f4-4f56-b74c-73cb54c18f46}</UniqueIdentifier>
    </Filter>
    <Filter Include="ソース ファイル\基本データ\背景画面\4面">
      <UniqueIdentifier>{f1749be5-1d70-4486-89e6-2b431810b02c}</UniqueIdentifier>
    </Filter>
    <Filter Include="ソース ファイル\基本データ\背景画面\5面">
      <UniqueIdentifier>{63191390-3ac2-47c1-821a-190a8dad99df}</UniqueIdentifier>
    </Filter>
    <Filter Include="ソース ファイル\基本データ\障害物">
      <UniqueIdentifier>{d613236d-325c-4b0c-9a58-d17b38517e8c}</UniqueIdentifier>
    </Filter>
    <Filter Include="ソース ファイル\基本データ\回転">
      <UniqueIdentifier>{9149d42f-c28e-41fb-addf-fc889cc67f8f}</UniqueIdentifier>
    </Filter>
    <Filter Include="ソース ファイル\基本データ\ボス">
      <UniqueIdentifier>{e605b3d5-79e8-44bf-abe6-24c59194f626}</UniqueIdentifier>
    </Filter>
    <Filter Include="ソース ファイル\基本データ\タイトル画面">
      <UniqueIdentifier>{92a346d8-d5af-4066-a47c-f109edf5d3a7}</UniqueIdentifier>
    </Filter>
    <Filter Include="ソース ファイル\基本データ\クリア画面\クリアオブジェクト">
      <UniqueIdentifier>{e9104891-f8bd-4c57-8d0e-8dc8efdfeb5b}</UniqueIdentifier>
    </Filter>
    <Filter Include="ソース ファイル\ヘッダー ファイル">
      <UniqueIdentifier>{93995380-89BD-4b04-88EB-625FBE52EBFB}</UniqueIdentifier>
      <Extensions>h;hh;hpp;hxx;h++;hm;inl;inc;ipp;xsd</Extensions>
    </Filter>
    <Filter Include="ソース ファイル\基本データ\ボス\一面ボス">
      <UniqueIdentifier>{5082f4c7-f770-4f71-a786-a389878f18fc}</UniqueIdentifier>
    </Filter>
    <Filter Include="ソース ファイル\基本データ\ボス\二面ボス">
      <UniqueIdentifier>{2c130980-8696-46dd-93dc-0461e4755669}</UniqueIdentifier>
    </Filter>
    <Filter Include="ソース ファイル\基本データ\ボス\3面ボス">
      <UniqueIdentifier>{3c632ea8-ea48-4751-aaac-5599ba3a5c88}</UniqueIdentifier>
    </Filter>
    <Filter Include="ソース ファイル\基本データ\ボス\4面ボス">
      <UniqueIdentifier>{c91b5eed-07ae-4dfc-a30c-7a31f228b06c}</UniqueIdentifier>
    </Filter>
    <Filter Include="ソース ファイル\基本データ\ボス\5面ボス">
      <UniqueIdentifier>{8b291023-19c1-44d7-a573-cbf447977116}</UniqueIdentifier>
    </Filter>
    <Filter Include="ソース ファイル\基本データ\血栓">
      <UniqueIdentifier>{a07cf676-2c1c-4eba-b12e-aafcf23cb3c5}</UniqueIdentifier>
    </Filter>
    <Filter Include="ソース ファイル\基本データ\敵機\4面敵">
      <UniqueIdentifier>{1a2352a1-f9ba-4f3e-ba4a-ee7fd9217996}</UniqueIdentifier>
    </Filter>
    <Filter Include="ソース ファイル\基本データ\敵機\横スクロール">
      <UniqueIdentifier>{a90e1288-cd80-44a4-bac3-7624c81f4108}</UniqueIdentifier>
    </Filter>
    <Filter Include="ソース ファイル\基本データ\敵機\5面の敵">
      <UniqueIdentifier>{935e6d97-b084-4c44-a6eb-b503d7b3620d}</UniqueIdentifier>
    </Filter>
    <Filter Include="ソース ファイル\基本データ\主人公">
      <UniqueIdentifier>{f79ae3db-d46d-44f3-8049-4f0c459557ce}</UniqueIdentifier>
    </Filter>
    <Filter Include="ソース ファイル\基本データ\主人公\3面主人公">
      <UniqueIdentifier>{bec77eee-1be5-47e7-a333-1d9d7477feea}</UniqueIdentifier>
    </Filter>
    <Filter Include="ソース ファイル\基本データ\主人公\4面主人公">
      <UniqueIdentifier>{ca7a8154-71a6-487f-9eae-e34587f19129}</UniqueIdentifier>
    </Filter>
    <Filter Include="ソース ファイル\基本データ\主人公\主人公機">
      <UniqueIdentifier>{fbbcc07d-5484-4ab6-ae79-6254abe949b0}</UniqueIdentifier>
    </Filter>
    <Filter Include="ソース ファイル\基本データ\ゲームオーバー画面\ゲームオーバーobject">
      <UniqueIdentifier>{9efa0281-e990-402e-bee6-58002cd1d9a6}</UniqueIdentifier>
    </Filter>
    <Filter Include="ソース ファイル\基本データ\ゲームオーバー画面\3面用">
      <UniqueIdentifier>{3c863016-d832-47a7-b74e-2ca8b4fd547a}</UniqueIdentifier>
    </Filter>
    <Filter Include="ソース ファイル\基本データ\ゲームオーバー画面\4面用">
      <UniqueIdentifier>{b985b638-4fea-41bd-96e5-9625b3783ec4}</UniqueIdentifier>
    </Filter>
    <Filter Include="ソース ファイル\基本データ\ゲームオーバー画面\5面用">
      <UniqueIdentifier>{4d37169e-2f16-4734-bf79-23fcd0a59af9}</UniqueIdentifier>
    </Filter>
    <Filter Include="ソース ファイル\基本データ\主人公\5面主人公">
      <UniqueIdentifier>{bf99b896-22a3-4e6c-a476-30962de360e6}</UniqueIdentifier>
    </Filter>
    <Filter Include="ソース ファイル\共通アイテム">
      <UniqueIdentifier>{240e9972-8feb-40ad-9d94-50088d3d1677}</UniqueIdentifier>
    </Filter>
    <Filter Include="ソース ファイル\共通アイテム\縦スクロールアイテム（下から）">
      <UniqueIdentifier>{5fd61f10-0164-41c7-83db-1acf971c4fe5}</UniqueIdentifier>
    </Filter>
    <Filter Include="ソース ファイル\共通アイテム\縦スクロール用アイテム%28上に行く）">
      <UniqueIdentifier>{e29134db-48fe-44db-abfa-c9d7269a7c3c}</UniqueIdentifier>
    </Filter>
    <Filter Include="ソース ファイル\共通アイテム\横スクロールアイテム（右へ）">
      <UniqueIdentifier>{6ceaf816-9af1-48cb-b141-3173c2b4b6e0}</UniqueIdentifier>
    </Filter>
    <Filter Include="ソース ファイル\共通アイテム\横スクロールアイテム（左へ）">
      <UniqueIdentifier>{f0b58820-f4b7-4fb0-a610-2f75b41680f6}</UniqueIdentifier>
    </Filter>
    <Filter Include="ソース ファイル\基本データ\ゲームオーバー画面\1面用">
      <UniqueIdentifier>{60936283-8f20-4ec5-8003-e5f61d6afef4}</UniqueIdentifier>
    </Filter>
    <Filter Include="ソース ファイル\基本データ\主人公\2面主人公">
      <UniqueIdentifier>{73603979-1356-4aa1-ad8c-a4b5cfa47895}</UniqueIdentifier>
    </Filter>
    <Filter Include="ソース ファイル\基本データ\ゲームオーバー画面\2面用">
      <UniqueIdentifier>{4054d481-d7c3-43c6-9982-da169b7895c5}</UniqueIdentifier>
    </Filter>
    <Filter Include="ソース ファイル\基本データ\クリア画面\5面終了\ENDING">
      <UniqueIdentifier>{0f5b14f2-b1af-496e-bfe5-2c55fa180408}</UniqueIdentifier>
    </Filter>
    <Filter Include="ソース ファイル\基本データ\クリア画面\5面終了\STAFF　ＲＯＬＬ">
      <UniqueIdentifier>{b7f14980-e8ce-478f-af34-e442fa6fa4ab}</UniqueIdentifier>
    </Filter>
    <Filter Include="ソース ファイル\基本データ\説明画面">
      <UniqueIdentifier>{a6b8ec6a-6ec7-4f0a-9a53-cba59af138af}</UniqueIdentifier>
    </Filter>
    <Filter Include="ソース ファイル\基本データ\説明画面\攻撃方法">
      <UniqueIdentifier>{9a57cb9a-4801-4a92-8b79-312bdd4ae7f8}</UniqueIdentifier>
    </Filter>
    <Filter Include="ソース ファイル\基本データ\説明画面\アイテム">
      <UniqueIdentifier>{a7526170-e82e-482e-9265-d35a2aef40d5}</UniqueIdentifier>
    </Filter>
    <Filter Include="ソース ファイル\基本データ\ボスエフェクト">
      <UniqueIdentifier>{a8313931-4f88-4b37-a654-3397aa43e059}</UniqueIdentifier>
    </Filter>
  </ItemGroup>
  <ItemGroup>
    <ClInclude Include="main.h">
      <Filter>ソース ファイル\ヘッダー ファイル</Filter>
    </ClInclude>
    <ClInclude Include="GameL\Audio.h">
      <Filter>リソース ファイル</Filter>
    </ClInclude>
    <ClInclude Include="GameL\DirectXDevice.h">
      <Filter>リソース ファイル</Filter>
    </ClInclude>
    <ClInclude Include="GameL\DrawFont.h">
      <Filter>リソース ファイル</Filter>
    </ClInclude>
    <ClInclude Include="GameL\DrawTexture.h">
      <Filter>リソース ファイル</Filter>
    </ClInclude>
    <ClInclude Include="GameL\HitBoxManager.h">
      <Filter>リソース ファイル</Filter>
    </ClInclude>
    <ClInclude Include="GameL\MultiThread.h">
      <Filter>リソース ファイル</Filter>
    </ClInclude>
    <ClInclude Include="GameL\SceneManager.h">
      <Filter>リソース ファイル</Filter>
    </ClInclude>
    <ClInclude Include="GameL\SceneObjManager.h">
      <Filter>リソース ファイル</Filter>
    </ClInclude>
    <ClInclude Include="GameL\SetWindow.h">
      <Filter>リソース ファイル</Filter>
    </ClInclude>
    <ClInclude Include="GameL\UserData.h">
      <Filter>リソース ファイル</Filter>
    </ClInclude>
    <ClInclude Include="GameL\WinInputs.h">
      <Filter>リソース ファイル</Filter>
    </ClInclude>
    <ClInclude Include="ObjTitle.h">
      <Filter>ソース ファイル\基本データ\タイトル画面</Filter>
    </ClInclude>
    <ClInclude Include="SceneTitle.h">
      <Filter>ソース ファイル\基本データ\タイトル画面</Filter>
    </ClInclude>
    <ClInclude Include="ObjBullet.h">
      <Filter>ソース ファイル\基本データ\主人公\主人公機</Filter>
    </ClInclude>
    <ClInclude Include="ObjHero.h">
      <Filter>ソース ファイル\基本データ\主人公\主人公機</Filter>
    </ClInclude>
    <ClInclude Include="UtilityModule.h">
      <Filter>ソース ファイル\基本データ\UtilityModule</Filter>
    </ClInclude>
    <ClInclude Include="ObjBlock.h">
      <Filter>ソース ファイル\基本データ\障害物</Filter>
    </ClInclude>
    <ClInclude Include="CObjAngleBulletHero.h">
      <Filter>ソース ファイル\基本データ\主人公\主人公機</Filter>
    </ClInclude>
    <ClInclude Include="Kaiten.h">
      <Filter>ソース ファイル\基本データ\回転</Filter>
    </ClInclude>
    <ClInclude Include="ObjLaserBullet.h">
      <Filter>ソース ファイル\基本データ\主人公\主人公機</Filter>
    </ClInclude>
    <ClInclude Include="ObjTatesukuSceneMain.h">
      <Filter>ソース ファイル\基本データ\背景画面\3面</Filter>
    </ClInclude>
    <ClInclude Include="TatesukuSceneMain.h">
      <Filter>ソース ファイル\基本データ\背景画面\3面</Filter>
    </ClInclude>
    <ClInclude Include="ObjTateBullet.h">
      <Filter>ソース ファイル\基本データ\主人公\3面主人公</Filter>
    </ClInclude>
    <ClInclude Include="ObjTateHero.h">
      <Filter>ソース ファイル\基本データ\主人公\3面主人公</Filter>
    </ClInclude>
    <ClInclude Include="ObjTatekesen.h">
      <Filter>ソース ファイル\基本データ\血栓</Filter>
    </ClInclude>
    <ClInclude Include="ObjSceneMain.h">
      <Filter>ソース ファイル\基本データ\背景画面\1面</Filter>
    </ClInclude>
    <ClInclude Include="SceneMain.h">
      <Filter>ソース ファイル\基本データ\背景画面\1面</Filter>
    </ClInclude>
    <ClInclude Include="Objwin2.h">
      <Filter>ソース ファイル\基本データ\クリア画面\1面終了</Filter>
    </ClInclude>
    <ClInclude Include="winscene2.h">
      <Filter>ソース ファイル\基本データ\クリア画面\1面終了</Filter>
    </ClInclude>
    <ClInclude Include="ObjClearBack.h">
      <Filter>ソース ファイル\基本データ\クリア画面\クリアオブジェクト</Filter>
    </ClInclude>
    <ClInclude Include="ObjClearBack2.h">
      <Filter>ソース ファイル\基本データ\クリア画面\クリアオブジェクト</Filter>
    </ClInclude>
    <ClInclude Include="Objwin3.h">
      <Filter>ソース ファイル\基本データ\クリア画面\2面終了</Filter>
    </ClInclude>
    <ClInclude Include="winscene3.h">
      <Filter>ソース ファイル\基本データ\クリア画面\2面終了</Filter>
    </ClInclude>
    <ClInclude Include="Objwin4.h">
      <Filter>ソース ファイル\基本データ\クリア画面\3面終了</Filter>
    </ClInclude>
    <ClInclude Include="SceneMain4.h">
      <Filter>ソース ファイル\基本データ\背景画面\4面</Filter>
    </ClInclude>
    <ClInclude Include="ObjSceneMain4.h">
      <Filter>ソース ファイル\基本データ\背景画面\4面</Filter>
    </ClInclude>
    <ClInclude Include="ObjEnemyBoss.h">
      <Filter>ソース ファイル\基本データ\ボス\一面ボス</Filter>
    </ClInclude>
    <ClInclude Include="ObjWin5.h">
      <Filter>ソース ファイル\基本データ\クリア画面\4面終了</Filter>
    </ClInclude>
    <ClInclude Include="WinScene5.h">
      <Filter>ソース ファイル\基本データ\クリア画面\4面終了</Filter>
    </ClInclude>
    <ClInclude Include="WinScene4.h">
      <Filter>ソース ファイル\基本データ\クリア画面\3面終了</Filter>
    </ClInclude>
    <ClInclude Include="ObjEnemyBoss2.h">
      <Filter>ソース ファイル\基本データ\ボス\二面ボス</Filter>
    </ClInclude>
    <ClInclude Include="ObjTateBoss.h">
      <Filter>ソース ファイル\基本データ\ボス\3面ボス</Filter>
    </ClInclude>
    <ClInclude Include="ObjTateEnemy.h">
      <Filter>ソース ファイル\基本データ\敵機\3面敵</Filter>
    </ClInclude>
    <ClInclude Include="ObjTateAttackEnemy.h">
      <Filter>ソース ファイル\基本データ\敵機\3面敵</Filter>
    </ClInclude>
    <ClInclude Include="GameHead.h">
      <Filter>ソース ファイル\ヘッダー ファイル</Filter>
    </ClInclude>
    <ClInclude Include="ObjEnemyBoss4.h">
      <Filter>ソース ファイル\基本データ\ボス\4面ボス</Filter>
    </ClInclude>
    <ClInclude Include="CObjEnemyBossBullet4.h">
      <Filter>ソース ファイル\基本データ\ボス\4面ボス</Filter>
    </ClInclude>
    <ClInclude Include="CObjTateBulletEnemy.h">
      <Filter>ソース ファイル\基本データ\敵機\3面敵</Filter>
    </ClInclude>
    <ClInclude Include="ObjSceneMain2.h">
      <Filter>ソース ファイル\基本データ\背景画面\2面</Filter>
    </ClInclude>
    <ClInclude Include="SceneMain2.h">
      <Filter>ソース ファイル\基本データ\背景画面\2面</Filter>
    </ClInclude>
    <ClInclude Include="ObjYokoKesen.h">
      <Filter>ソース ファイル\基本データ\血栓</Filter>
    </ClInclude>
    <ClInclude Include="ObjSitaBullet.h">
      <Filter>ソース ファイル\基本データ\主人公\4面主人公</Filter>
    </ClInclude>
    <ClInclude Include="ObjSitaHero.h">
      <Filter>ソース ファイル\基本データ\主人公\4面主人公</Filter>
    </ClInclude>
    <ClInclude Include="ObjSitaLaserBullet.h">
      <Filter>ソース ファイル\基本データ\主人公\4面主人公</Filter>
    </ClInclude>
    <ClInclude Include="ObjSitaKesen.h">
      <Filter>ソース ファイル\基本データ\血栓</Filter>
    </ClInclude>
    <ClInclude Include="CObjSitaBulletEnemy.h">
      <Filter>ソース ファイル\基本データ\敵機\4面敵</Filter>
    </ClInclude>
    <ClInclude Include="ObjSitaAttackEnemy.h">
      <Filter>ソース ファイル\基本データ\敵機\4面敵</Filter>
    </ClInclude>
    <ClInclude Include="ObjSitaEnemy.h">
      <Filter>ソース ファイル\基本データ\敵機\4面敵</Filter>
    </ClInclude>
    <ClInclude Include="CObjBulletEnemy.h">
      <Filter>ソース ファイル\基本データ\敵機\横スクロール</Filter>
    </ClInclude>
    <ClInclude Include="CObjHomingBullet.h">
      <Filter>ソース ファイル\基本データ\敵機\横スクロール</Filter>
    </ClInclude>
    <ClInclude Include="CObjHomingEnemy.h">
      <Filter>ソース ファイル\基本データ\敵機\横スクロール</Filter>
    </ClInclude>
    <ClInclude Include="CObjSinEnemy.h">
      <Filter>ソース ファイル\基本データ\敵機\横スクロール</Filter>
    </ClInclude>
    <ClInclude Include="ObjAttackEnemy.h">
      <Filter>ソース ファイル\基本データ\敵機\横スクロール</Filter>
    </ClInclude>
    <ClInclude Include="ObjEnemy.h">
      <Filter>ソース ファイル\基本データ\敵機\横スクロール</Filter>
    </ClInclude>
    <ClInclude Include="ObjSceneMain5.h">
      <Filter>ソース ファイル\基本データ\背景画面\5面</Filter>
    </ClInclude>
    <ClInclude Include="SceneMain5.h">
      <Filter>ソース ファイル\基本データ\背景画面\5面</Filter>
    </ClInclude>
    <ClInclude Include="CObjBulletEnemy2.h">
      <Filter>ソース ファイル\基本データ\敵機\5面の敵</Filter>
    </ClInclude>
    <ClInclude Include="CObjEnemy2.h">
      <Filter>ソース ファイル\基本データ\敵機\5面の敵</Filter>
    </ClInclude>
    <ClInclude Include="ObjAttackEnemy2.h">
      <Filter>ソース ファイル\基本データ\敵機\5面の敵</Filter>
    </ClInclude>
    <ClInclude Include="ObjDiffusionHero.h">
      <Filter>ソース ファイル\基本データ\主人公\主人公機</Filter>
    </ClInclude>
    <ClInclude Include="ObjGameOver.h">
      <Filter>ソース ファイル\基本データ\ゲームオーバー画面\ゲームオーバーobject</Filter>
    </ClInclude>
    <ClInclude Include="SceneGameOver.h">
      <Filter>ソース ファイル\基本データ\ゲームオーバー画面\1面用</Filter>
    </ClInclude>
    <ClInclude Include="SceneGameOver2.h">
      <Filter>ソース ファイル\基本データ\ゲームオーバー画面\3面用</Filter>
    </ClInclude>
    <ClInclude Include="SceneGameOver3.h">
      <Filter>ソース ファイル\基本データ\ゲームオーバー画面\4面用</Filter>
    </ClInclude>
    <ClInclude Include="SceneGameOver4.h">
      <Filter>ソース ファイル\基本データ\ゲームオーバー画面\5面用</Filter>
    </ClInclude>
    <ClInclude Include="ObjSitaAttackEnemy2.h">
      <Filter>ソース ファイル\基本データ\敵機\5面の敵</Filter>
    </ClInclude>
    <ClInclude Include="ObjSitaEnemy2.h">
      <Filter>ソース ファイル\基本データ\敵機\5面の敵</Filter>
    </ClInclude>
    <ClInclude Include="ObjTateEnemy2.h">
      <Filter>ソース ファイル\基本データ\敵機\5面の敵</Filter>
    </ClInclude>
    <ClInclude Include="ObjTateAttackEnemy2.h">
      <Filter>ソース ファイル\基本データ\敵機\5面の敵</Filter>
    </ClInclude>
    <ClInclude Include="ObjHero5.h">
      <Filter>ソース ファイル\基本データ\主人公\5面主人公</Filter>
    </ClInclude>
    <ClInclude Include="CObjEnemyBossBullet2.h">
      <Filter>ソース ファイル\基本データ\ボス\4面ボス</Filter>
    </ClInclude>
    <ClInclude Include="ObjGameOver2.h">
      <Filter>ソース ファイル\基本データ\ゲームオーバー画面\ゲームオーバーobject</Filter>
    </ClInclude>
    <ClInclude Include="ObjGameOver3.h">
      <Filter>ソース ファイル\基本データ\ゲームオーバー画面\ゲームオーバーobject</Filter>
    </ClInclude>
    <ClInclude Include="ObjGameOver4.h">
      <Filter>ソース ファイル\基本データ\ゲームオーバー画面\ゲームオーバーobject</Filter>
    </ClInclude>
    <ClInclude Include="CObjMixBoss.h">
      <Filter>ソース ファイル\基本データ\ボス\5面ボス</Filter>
    </ClInclude>
    <ClInclude Include="ObjItem.h">
      <Filter>ソース ファイル\共通アイテム\縦スクロール用アイテム%28上に行く）</Filter>
    </ClInclude>
    <ClInclude Include="ObjLifeItem.h">
      <Filter>ソース ファイル\共通アイテム\縦スクロール用アイテム%28上に行く）</Filter>
    </ClInclude>
    <ClInclude Include="ObjMigiItem.h">
      <Filter>ソース ファイル\共通アイテム\横スクロールアイテム（右へ）</Filter>
    </ClInclude>
    <ClInclude Include="ObjSitaItem.h">
      <Filter>ソース ファイル\共通アイテム\縦スクロールアイテム（下から）</Filter>
    </ClInclude>
    <ClInclude Include="ObjMigiLifeItem.h">
      <Filter>ソース ファイル\共通アイテム\横スクロールアイテム（右へ）</Filter>
    </ClInclude>
    <ClInclude Include="ObjSitaLifeItem.h">
      <Filter>ソース ファイル\共通アイテム\縦スクロールアイテム（下から）</Filter>
    </ClInclude>
    <ClInclude Include="ObjHidariLifeItem.h">
      <Filter>ソース ファイル\共通アイテム\横スクロールアイテム（左へ）</Filter>
    </ClInclude>
    <ClInclude Include="ObjHidariItem.h">
      <Filter>ソース ファイル\共通アイテム\横スクロールアイテム（左へ）</Filter>
    </ClInclude>
    <ClInclude Include="ObjHero2.h">
      <Filter>ソース ファイル\基本データ\主人公\2面主人公</Filter>
    </ClInclude>
    <ClInclude Include="ObjGameOver5.h">
      <Filter>ソース ファイル\基本データ\ゲームオーバー画面\2面用</Filter>
    </ClInclude>
    <ClInclude Include="SceneGameOver5.h">
      <Filter>ソース ファイル\基本データ\ゲームオーバー画面\2面用</Filter>
    </ClInclude>
    <ClInclude Include="ObjWin6.h">
      <Filter>ソース ファイル\基本データ\クリア画面\5面終了\ENDING</Filter>
    </ClInclude>
    <ClInclude Include="WinScene6.h">
      <Filter>ソース ファイル\基本データ\クリア画面\5面終了\ENDING</Filter>
    </ClInclude>
    <ClInclude Include="Objwin.h">
      <Filter>ソース ファイル\基本データ\クリア画面\5面終了\STAFF　ＲＯＬＬ</Filter>
    </ClInclude>
    <ClInclude Include="winscene.h">
      <Filter>ソース ファイル\基本データ\クリア画面\5面終了\STAFF　ＲＯＬＬ</Filter>
    </ClInclude>
    <ClInclude Include="Item DescriptionScene.h">
      <Filter>ソース ファイル\基本データ\説明画面\アイテム</Filter>
    </ClInclude>
    <ClInclude Include="ObjItem Description.h">
      <Filter>ソース ファイル\基本データ\説明画面\アイテム</Filter>
    </ClInclude>
    <ClInclude Include="AttackDescriptionScene.h">
      <Filter>ソース ファイル\基本データ\説明画面\攻撃方法</Filter>
    </ClInclude>
    <ClInclude Include="ObjAttackDescriptionScene.h">
      <Filter>ソース ファイル\基本データ\説明画面\攻撃方法</Filter>
    </ClInclude>
    <ClInclude Include="ObjBossEffect.h">
      <Filter>ソース ファイル\基本データ\ボスエフェクト</Filter>
    </ClInclude>
    <ClInclude Include="ObjBossEffect2.h">
      <Filter>ソース ファイル\基本データ\ボスエフェクト</Filter>
    </ClInclude>
    <ClInclude Include="ObjBossEffect3.h">
      <Filter>ソース ファイル\基本データ\ボスエフェクト</Filter>
    </ClInclude>
    <ClInclude Include="ObjBossYazirusi.h">
      <Filter>ソース ファイル\基本データ\ボスエフェクト</Filter>
    </ClInclude>
    <ClInclude Include="ObjBossYazirusi2.h">
      <Filter>ソース ファイル\基本データ\ボスエフェクト</Filter>
    </ClInclude>
    <ClInclude Include="ObjBossYazirusi3.h">
      <Filter>ソース ファイル\基本データ\ボスエフェクト</Filter>
    </ClInclude>
    <ClInclude Include="ObjBossYazirusi4.h">
      <Filter>ソース ファイル\基本データ\ボスエフェクト</Filter>
    </ClInclude>
    <ClInclude Include="ObjBossYazirusi5.h">
      <Filter>ソース ファイル\基本データ\ボスエフェクト</Filter>
    </ClInclude>
    <ClInclude Include="ObjTateLaserBullet.h">
      <Filter>ソース ファイル\基本データ\主人公\4面主人公</Filter>
    </ClInclude>
  </ItemGroup>
  <ItemGroup>
    <ClCompile Include="GameL\Audio.cpp">
      <Filter>リソース ファイル</Filter>
    </ClCompile>
    <ClCompile Include="GameL\DirectXDevice.cpp">
      <Filter>リソース ファイル</Filter>
    </ClCompile>
    <ClCompile Include="GameL\Draw2DTex_Source.cpp">
      <Filter>リソース ファイル</Filter>
    </ClCompile>
    <ClCompile Include="GameL\DrawFont.cpp">
      <Filter>リソース ファイル</Filter>
    </ClCompile>
    <ClCompile Include="GameL\DrawTexture.cpp">
      <Filter>リソース ファイル</Filter>
    </ClCompile>
    <ClCompile Include="GameL\GameL_Main.cpp">
      <Filter>リソース ファイル</Filter>
    </ClCompile>
    <ClCompile Include="GameL\HitBoxManager.cpp">
      <Filter>リソース ファイル</Filter>
    </ClCompile>
    <ClCompile Include="GameL\MultiThread.cpp">
      <Filter>リソース ファイル</Filter>
    </ClCompile>
    <ClCompile Include="GameL\SceneManager.cpp">
      <Filter>リソース ファイル</Filter>
    </ClCompile>
    <ClCompile Include="GameL\SceneObjManager.cpp">
      <Filter>リソース ファイル</Filter>
    </ClCompile>
    <ClCompile Include="GameL\SetWindow.cpp">
      <Filter>リソース ファイル</Filter>
    </ClCompile>
    <ClCompile Include="GameL\UserData.cpp">
      <Filter>リソース ファイル</Filter>
    </ClCompile>
    <ClCompile Include="GameL\WinInputs.cpp">
      <Filter>リソース ファイル</Filter>
    </ClCompile>
    <ClCompile Include="ObjTitle.cpp">
      <Filter>ソース ファイル\基本データ\タイトル画面</Filter>
    </ClCompile>
    <ClCompile Include="SceneTitle.cpp">
      <Filter>ソース ファイル\基本データ\タイトル画面</Filter>
    </ClCompile>
    <ClCompile Include="ObjBullet.cpp">
      <Filter>ソース ファイル\基本データ\主人公\主人公機</Filter>
    </ClCompile>
    <ClCompile Include="ObjHero.cpp">
      <Filter>ソース ファイル\基本データ\主人公\主人公機</Filter>
    </ClCompile>
    <ClCompile Include="UtilityModule.cpp">
      <Filter>ソース ファイル\基本データ\UtilityModule</Filter>
    </ClCompile>
    <ClCompile Include="ObjBlock.cpp">
      <Filter>ソース ファイル\基本データ\障害物</Filter>
    </ClCompile>
    <ClCompile Include="CObjAngleBulletHero.cpp">
      <Filter>ソース ファイル\基本データ\主人公\主人公機</Filter>
    </ClCompile>
    <ClCompile Include="Kaiten.cpp">
      <Filter>ソース ファイル\基本データ\回転</Filter>
    </ClCompile>
    <ClCompile Include="ObjLaserBullet.cpp">
      <Filter>ソース ファイル\基本データ\主人公\主人公機</Filter>
    </ClCompile>
    <ClCompile Include="ObjTatesukuSceneMain.cpp">
      <Filter>ソース ファイル\基本データ\背景画面\3面</Filter>
    </ClCompile>
    <ClCompile Include="TatesukuSceneMain.cpp">
      <Filter>ソース ファイル\基本データ\背景画面\3面</Filter>
    </ClCompile>
    <ClCompile Include="ObjTateBullet.cpp">
      <Filter>ソース ファイル\基本データ\主人公\3面主人公</Filter>
    </ClCompile>
    <ClCompile Include="ObjTateHero.cpp">
      <Filter>ソース ファイル\基本データ\主人公\3面主人公</Filter>
    </ClCompile>
    <ClCompile Include="ObjTateLaserBullet.cpp">
      <Filter>ソース ファイル\基本データ\主人公\3面主人公</Filter>
    </ClCompile>
    <ClCompile Include="ObjTatekesen.cpp">
      <Filter>ソース ファイル\基本データ\血栓</Filter>
    </ClCompile>
    <ClCompile Include="ObjSceneMain.cpp">
      <Filter>ソース ファイル\基本データ\背景画面\1面</Filter>
    </ClCompile>
    <ClCompile Include="SceneMain.cpp">
      <Filter>ソース ファイル\基本データ\背景画面\1面</Filter>
    </ClCompile>
    <ClCompile Include="Objwin2.cpp">
      <Filter>ソース ファイル\基本データ\クリア画面\1面終了</Filter>
    </ClCompile>
    <ClCompile Include="winscene2.cpp">
      <Filter>ソース ファイル\基本データ\クリア画面\1面終了</Filter>
    </ClCompile>
    <ClCompile Include="ObjClearBack.cpp">
      <Filter>ソース ファイル\基本データ\クリア画面\クリアオブジェクト</Filter>
    </ClCompile>
    <ClCompile Include="ObjClearBack2.cpp">
      <Filter>ソース ファイル\基本データ\クリア画面\クリアオブジェクト</Filter>
    </ClCompile>
    <ClCompile Include="Objwin3.cpp">
      <Filter>ソース ファイル\基本データ\クリア画面\2面終了</Filter>
    </ClCompile>
    <ClCompile Include="winscene3.cpp">
      <Filter>ソース ファイル\基本データ\クリア画面\2面終了</Filter>
    </ClCompile>
    <ClCompile Include="Objwin4.cpp">
      <Filter>ソース ファイル\基本データ\クリア画面\3面終了</Filter>
    </ClCompile>
    <ClCompile Include="SceneMain4.cpp">
      <Filter>ソース ファイル\基本データ\背景画面\4面</Filter>
    </ClCompile>
    <ClCompile Include="ObjSceneMain4.cpp">
      <Filter>ソース ファイル\基本データ\背景画面\4面</Filter>
    </ClCompile>
    <ClCompile Include="ObjEnemyBoss.cpp">
      <Filter>ソース ファイル\基本データ\ボス\一面ボス</Filter>
    </ClCompile>
    <ClCompile Include="ObjWin5.cpp">
      <Filter>ソース ファイル\基本データ\クリア画面\4面終了</Filter>
    </ClCompile>
    <ClCompile Include="WinScene5.cpp">
      <Filter>ソース ファイル\基本データ\クリア画面\4面終了</Filter>
    </ClCompile>
    <ClCompile Include="WinScene4.cpp">
      <Filter>ソース ファイル\基本データ\クリア画面\3面終了</Filter>
    </ClCompile>
    <ClCompile Include="ObjEnemyBoss2.cpp">
      <Filter>ソース ファイル\基本データ\ボス\二面ボス</Filter>
    </ClCompile>
    <ClCompile Include="ObjTateBoss.cpp">
      <Filter>ソース ファイル\基本データ\ボス\3面ボス</Filter>
    </ClCompile>
    <ClCompile Include="ObjTateEnemy.cpp">
      <Filter>ソース ファイル\基本データ\敵機\3面敵</Filter>
    </ClCompile>
    <ClCompile Include="ObjTateAttackEnemy.cpp">
      <Filter>ソース ファイル\基本データ\敵機\3面敵</Filter>
    </ClCompile>
    <ClCompile Include="ObjEnemyBoss4.cpp">
      <Filter>ソース ファイル\基本データ\ボス\4面ボス</Filter>
    </ClCompile>
    <ClCompile Include="CObjEnemyBossBullet4.cpp">
      <Filter>ソース ファイル\基本データ\ボス\4面ボス</Filter>
    </ClCompile>
    <ClCompile Include="ObjSceneMain2.cpp">
      <Filter>ソース ファイル\基本データ\背景画面\2面</Filter>
    </ClCompile>
    <ClCompile Include="SceneMain2.cpp">
      <Filter>ソース ファイル\基本データ\背景画面\2面</Filter>
    </ClCompile>
    <ClCompile Include="CObjTateBulletEnemy.cpp">
      <Filter>ソース ファイル\基本データ\敵機\3面敵</Filter>
    </ClCompile>
    <ClCompile Include="ObjYokoKesen.cpp">
      <Filter>ソース ファイル\基本データ\血栓</Filter>
    </ClCompile>
    <ClCompile Include="ObjSitaBullet.cpp">
      <Filter>ソース ファイル\基本データ\主人公\4面主人公</Filter>
    </ClCompile>
    <ClCompile Include="ObjSitaHero.cpp">
      <Filter>ソース ファイル\基本データ\主人公\4面主人公</Filter>
    </ClCompile>
    <ClCompile Include="ObjSitaLaserBullet.cpp">
      <Filter>ソース ファイル\基本データ\主人公\4面主人公</Filter>
    </ClCompile>
    <ClCompile Include="ObjSitaKesen.cpp">
      <Filter>ソース ファイル\基本データ\血栓</Filter>
    </ClCompile>
    <ClCompile Include="CObjSitaBulletEnemy.cpp">
      <Filter>ソース ファイル\基本データ\敵機\4面敵</Filter>
    </ClCompile>
    <ClCompile Include="ObjSitaAttackEnemy.cpp">
      <Filter>ソース ファイル\基本データ\敵機\4面敵</Filter>
    </ClCompile>
    <ClCompile Include="ObjSitaEnemy.cpp">
      <Filter>ソース ファイル\基本データ\敵機\4面敵</Filter>
    </ClCompile>
    <ClCompile Include="CObjBulletEnemy.cpp">
      <Filter>ソース ファイル\基本データ\敵機\横スクロール</Filter>
    </ClCompile>
    <ClCompile Include="CObjHomingBullet.cpp">
      <Filter>ソース ファイル\基本データ\敵機\横スクロール</Filter>
    </ClCompile>
    <ClCompile Include="CObjHomingEnemy.cpp">
      <Filter>ソース ファイル\基本データ\敵機\横スクロール</Filter>
    </ClCompile>
    <ClCompile Include="CObjSinEnemy.cpp">
      <Filter>ソース ファイル\基本データ\敵機\横スクロール</Filter>
    </ClCompile>
    <ClCompile Include="ObjAttackEnemy.cpp">
      <Filter>ソース ファイル\基本データ\敵機\横スクロール</Filter>
    </ClCompile>
    <ClCompile Include="ObjEnemy.cpp">
      <Filter>ソース ファイル\基本データ\敵機\横スクロール</Filter>
    </ClCompile>
    <ClCompile Include="ObjSceneMain5.cpp">
      <Filter>ソース ファイル\基本データ\背景画面\5面</Filter>
    </ClCompile>
    <ClCompile Include="SceneMain5.cpp">
      <Filter>ソース ファイル\基本データ\背景画面\5面</Filter>
    </ClCompile>
    <ClCompile Include="CObjBulletEnemy2.cpp">
      <Filter>ソース ファイル\基本データ\敵機\5面の敵</Filter>
    </ClCompile>
    <ClCompile Include="CObjEnemy2.cpp">
      <Filter>ソース ファイル\基本データ\敵機\5面の敵</Filter>
    </ClCompile>
    <ClCompile Include="ObjAttackEnemy2.cpp">
      <Filter>ソース ファイル\基本データ\敵機\5面の敵</Filter>
    </ClCompile>
    <ClCompile Include="ObjDiffusionHero.cpp">
      <Filter>ソース ファイル\基本データ\主人公\主人公機</Filter>
    </ClCompile>
    <ClCompile Include="ObjGameOver.cpp">
      <Filter>ソース ファイル\基本データ\ゲームオーバー画面\ゲームオーバーobject</Filter>
    </ClCompile>
    <ClCompile Include="SceneGameOver.cpp">
      <Filter>ソース ファイル\基本データ\ゲームオーバー画面\1面用</Filter>
    </ClCompile>
    <ClCompile Include="SceneGameOver2.cpp">
      <Filter>ソース ファイル\基本データ\ゲームオーバー画面\3面用</Filter>
    </ClCompile>
    <ClCompile Include="SceneGameOver3.cpp">
      <Filter>ソース ファイル\基本データ\ゲームオーバー画面\4面用</Filter>
    </ClCompile>
    <ClCompile Include="SceneGameOver4.cpp">
      <Filter>ソース ファイル\基本データ\ゲームオーバー画面\5面用</Filter>
    </ClCompile>
    <ClCompile Include="ObjSitaAttackEnemy2.cpp">
      <Filter>ソース ファイル\基本データ\敵機\5面の敵</Filter>
    </ClCompile>
    <ClCompile Include="ObjSitaEnemy2.cpp">
      <Filter>ソース ファイル\基本データ\敵機\5面の敵</Filter>
    </ClCompile>
    <ClCompile Include="ObjTateEnemy2.cpp">
      <Filter>ソース ファイル\基本データ\敵機\5面の敵</Filter>
    </ClCompile>
    <ClCompile Include="ObjTateAttackEnemy2.cpp">
      <Filter>ソース ファイル\基本データ\敵機\5面の敵</Filter>
    </ClCompile>
    <ClCompile Include="ObjHero5.cpp">
      <Filter>ソース ファイル\基本データ\主人公\5面主人公</Filter>
    </ClCompile>
    <ClCompile Include="CObjEnemyBossBullet2.cpp">
      <Filter>ソース ファイル\基本データ\ボス\4面ボス</Filter>
    </ClCompile>
    <ClCompile Include="ObjGameOver2.cpp">
      <Filter>ソース ファイル\基本データ\ゲームオーバー画面\ゲームオーバーobject</Filter>
    </ClCompile>
    <ClCompile Include="ObjGameOver3.cpp">
      <Filter>ソース ファイル\基本データ\ゲームオーバー画面\ゲームオーバーobject</Filter>
    </ClCompile>
    <ClCompile Include="ObjGameOver4.cpp">
      <Filter>ソース ファイル\基本データ\ゲームオーバー画面\ゲームオーバーobject</Filter>
    </ClCompile>
    <ClCompile Include="CObjMixBoss.cpp">
      <Filter>ソース ファイル\基本データ\ボス\5面ボス</Filter>
    </ClCompile>
    <ClCompile Include="ObjItem.cpp">
      <Filter>ソース ファイル\共通アイテム\縦スクロール用アイテム%28上に行く）</Filter>
    </ClCompile>
    <ClCompile Include="ObjLifeItem.cpp">
      <Filter>ソース ファイル\共通アイテム\縦スクロール用アイテム%28上に行く）</Filter>
    </ClCompile>
    <ClCompile Include="ObjSitaItem.cpp">
      <Filter>ソース ファイル\共通アイテム\縦スクロールアイテム（下から）</Filter>
    </ClCompile>
    <ClCompile Include="ObjMigiLifeItem.cpp">
      <Filter>ソース ファイル\共通アイテム\横スクロールアイテム（右へ）</Filter>
    </ClCompile>
    <ClCompile Include="ObjSitaLifeItem.cpp">
      <Filter>ソース ファイル\共通アイテム\縦スクロールアイテム（下から）</Filter>
    </ClCompile>
    <ClCompile Include="ObjHidariLifeItem.cpp">
      <Filter>ソース ファイル\共通アイテム\横スクロールアイテム（左へ）</Filter>
    </ClCompile>
    <ClCompile Include="ObjHidariItem.cpp">
      <Filter>ソース ファイル\共通アイテム\横スクロールアイテム（左へ）</Filter>
    </ClCompile>
    <ClCompile Include="ObjMigiItem.cpp">
      <Filter>ソース ファイル\共通アイテム\横スクロールアイテム（右へ）</Filter>
    </ClCompile>
    <ClCompile Include="ObjHero2.cpp">
      <Filter>ソース ファイル\基本データ\主人公\2面主人公</Filter>
    </ClCompile>
    <ClCompile Include="SceneGameOver5.cpp">
      <Filter>ソース ファイル\基本データ\ゲームオーバー画面\2面用</Filter>
    </ClCompile>
    <ClCompile Include="ObjGameOver5.cpp">
      <Filter>ソース ファイル\基本データ\ゲームオーバー画面\2面用</Filter>
    </ClCompile>
    <ClCompile Include="ObjWin6.cpp">
      <Filter>ソース ファイル\基本データ\クリア画面\5面終了\ENDING</Filter>
    </ClCompile>
    <ClCompile Include="WinScene6.cpp">
      <Filter>ソース ファイル\基本データ\クリア画面\5面終了\ENDING</Filter>
    </ClCompile>
    <ClCompile Include="winscene.cpp">
      <Filter>ソース ファイル\基本データ\クリア画面\5面終了\STAFF　ＲＯＬＬ</Filter>
    </ClCompile>
    <ClCompile Include="Objwin.cpp">
      <Filter>ソース ファイル\基本データ\クリア画面\5面終了\STAFF　ＲＯＬＬ</Filter>
    </ClCompile>
    <ClCompile Include="Item DescriptionScene.cpp">
      <Filter>ソース ファイル\基本データ\説明画面\アイテム</Filter>
    </ClCompile>
    <ClCompile Include="ObjItem Description.cpp">
      <Filter>ソース ファイル\基本データ\説明画面\アイテム</Filter>
    </ClCompile>
    <ClCompile Include="AttackDescriptionScene.cpp">
      <Filter>ソース ファイル\基本データ\説明画面\攻撃方法</Filter>
    </ClCompile>
    <ClCompile Include="ObjAttackDescriptionScene.cpp">
      <Filter>ソース ファイル\基本データ\説明画面\攻撃方法</Filter>
    </ClCompile>
    <ClCompile Include="ObjBossEffect.cpp">
      <Filter>ソース ファイル\基本データ\ボスエフェクト</Filter>
    </ClCompile>
    <ClCompile Include="ObjBossEffect2.cpp">
      <Filter>ソース ファイル\基本データ\ボスエフェクト</Filter>
    </ClCompile>
    <ClCompile Include="ObjBossEffect3.cpp">
      <Filter>ソース ファイル\基本データ\ボスエフェクト</Filter>
    </ClCompile>
    <ClCompile Include="ObjBossYazirusi.cpp">
      <Filter>ソース ファイル\基本データ\ボスエフェクト</Filter>
    </ClCompile>
    <ClCompile Include="ObjBossYazirusi2.cpp">
      <Filter>ソース ファイル\基本データ\ボスエフェクト</Filter>
    </ClCompile>
    <ClCompile Include="ObjBossYazirusi3.cpp">
      <Filter>ソース ファイル\基本データ\ボスエフェクト</Filter>
    </ClCompile>
    <ClCompile Include="ObjBossYazirusi4.cpp">
      <Filter>ソース ファイル\基本データ\ボスエフェクト</Filter>
    </ClCompile>
    <ClCompile Include="ObjBossYazirusi5.cpp">
      <Filter>ソース ファイル\基本データ\ボスエフェクト</Filter>
    </ClCompile>
  </ItemGroup>
</Project>